
Microsoft Visual Studio Solution File, Format Version 12.00
# Visual Studio Version 17
VisualStudioVersion = 17.6.33626.354
MinimumVisualStudioVersion = 10.0.40219.1
Project("{2150E333-8FDC-42A3-9474-1A3956D46DE8}") = "src", "src", "{3D94CF65-191B-4C85-A8CB-1584AE7EB283}"
EndProject
Project("{9A19103F-16F7-4668-BE54-9A1E7A4F7556}") = "SubtitleFileCleanerGUI.UI", "src\SubtitleFileCleanerGUI.UI\SubtitleFileCleanerGUI.UI.csproj", "{72BE77F9-A673-4B1C-8B43-30087B456617}"
EndProject
Global
	GlobalSection(SolutionConfigurationPlatforms) = preSolution
		Debug|Any CPU = Debug|Any CPU
		Release|Any CPU = Release|Any CPU
	EndGlobalSection
	GlobalSection(ProjectConfigurationPlatforms) = postSolution
		{72BE77F9-A673-4B1C-8B43-30087B456617}.Debug|Any CPU.ActiveCfg = Debug|Any CPU
		{72BE77F9-A673-4B1C-8B43-30087B456617}.Debug|Any CPU.Build.0 = Debug|Any CPU
		{72BE77F9-A673-4B1C-8B43-30087B456617}.Release|Any CPU.ActiveCfg = Release|Any CPU
		{72BE77F9-A673-4B1C-8B43-30087B456617}.Release|Any CPU.Build.0 = Release|Any CPU
	EndGlobalSection
	GlobalSection(SolutionProperties) = preSolution
		HideSolutionNode = FALSE
	EndGlobalSection
	GlobalSection(NestedProjects) = preSolution
		{72BE77F9-A673-4B1C-8B43-30087B456617} = {3D94CF65-191B-4C85-A8CB-1584AE7EB283}
	EndGlobalSection
	GlobalSection(ExtensibilityGlobals) = postSolution
		SolutionGuid = {BFD64AC1-F1E1-4E0B-ADDF-2C746C4AD5DB}
	EndGlobalSection
EndGlobal
